
Microsoft Visual Studio Solution File, Format Version 12.00
# Visual Studio Version 17
VisualStudioVersion = 17.4.33213.308
MinimumVisualStudioVersion = 10.0.40219.1
Project("{FAE04EC0-301F-11D3-BF4B-00C04F79EFBC}") = "Drabinka", "Drabinka\Drabinka.csproj", "{FAB6C1C7-6C58-4DAF-BC7B-338C1DD52486}"
EndProject
Global
	GlobalSection(SolutionConfigurationPlatforms) = preSolution
		Debug|Any CPU = Debug|Any CPU
		Release|Any CPU = Release|Any CPU
	EndGlobalSection
	GlobalSection(ProjectConfigurationPlatforms) = postSolution
		{FAB6C1C7-6C58-4DAF-BC7B-338C1DD52486}.Debug|Any CPU.ActiveCfg = Debug|Any CPU
		{FAB6C1C7-6C58-4DAF-BC7B-338C1DD52486}.Debug|Any CPU.Build.0 = Debug|Any CPU
		{FAB6C1C7-6C58-4DAF-BC7B-338C1DD52486}.Release|Any CPU.ActiveCfg = Release|Any CPU
		{FAB6C1C7-6C58-4DAF-BC7B-338C1DD52486}.Release|Any CPU.Build.0 = Release|Any CPU
	EndGlobalSection
	GlobalSection(SolutionProperties) = preSolution
		HideSolutionNode = FALSE
	EndGlobalSection
	GlobalSection(ExtensibilityGlobals) = postSolution
		SolutionGuid = {0FB10F81-D6E7-47D2-BFEE-09728942D61E}
	EndGlobalSection
EndGlobal
